
Microsoft Visual Studio Solution File, Format Version 12.00
# Visual Studio Version 16
VisualStudioVersion = 16.0.29230.47
MinimumVisualStudioVersion = 10.0.40219.1
Project("{FAE04EC0-301F-11D3-BF4B-00C04F79EFBC}") = "ConfigFileTest", "ConfigFileTest\ConfigFileTest.csproj", "{56879481-DE01-4D95-A6BF-F3A37BFDB935}"
EndProject
Project("{FAE04EC0-301F-11D3-BF4B-00C04F79EFBC}") = "FactoryExample", "FactoryExample\FactoryExample.csproj", "{6D5DB0EC-B642-4A36-BD22-2362DC6D0C6D}"
EndProject
Global
	GlobalSection(SolutionConfigurationPlatforms) = preSolution
		Debug|Any CPU = Debug|Any CPU
		Release|Any CPU = Release|Any CPU
	EndGlobalSection
	GlobalSection(ProjectConfigurationPlatforms) = postSolution
		{56879481-DE01-4D95-A6BF-F3A37BFDB935}.Debug|Any CPU.ActiveCfg = Debug|Any CPU
		{56879481-DE01-4D95-A6BF-F3A37BFDB935}.Debug|Any CPU.Build.0 = Debug|Any CPU
		{56879481-DE01-4D95-A6BF-F3A37BFDB935}.Release|Any CPU.ActiveCfg = Release|Any CPU
		{56879481-DE01-4D95-A6BF-F3A37BFDB935}.Release|Any CPU.Build.0 = Release|Any CPU
		{6D5DB0EC-B642-4A36-BD22-2362DC6D0C6D}.Debug|Any CPU.ActiveCfg = Debug|Any CPU
		{6D5DB0EC-B642-4A36-BD22-2362DC6D0C6D}.Debug|Any CPU.Build.0 = Debug|Any CPU
		{6D5DB0EC-B642-4A36-BD22-2362DC6D0C6D}.Release|Any CPU.ActiveCfg = Release|Any CPU
		{6D5DB0EC-B642-4A36-BD22-2362DC6D0C6D}.Release|Any CPU.Build.0 = Release|Any CPU
	EndGlobalSection
	GlobalSection(SolutionProperties) = preSolution
		HideSolutionNode = FALSE
	EndGlobalSection
	GlobalSection(ExtensibilityGlobals) = postSolution
		SolutionGuid = {96030DCE-6642-4503-B064-1B1C365193D0}
	EndGlobalSection
EndGlobal
